
Microsoft Visual Studio Solution File, Format Version 12.00
# Visual Studio 15
VisualStudioVersion = 15.0.28307.1000
MinimumVisualStudioVersion = 10.0.40219.1
Project("{FAE04EC0-301F-11D3-BF4B-00C04F79EFBC}") = "PensionatoEstudantes", "PensionatoEstudantes\PensionatoEstudantes.csproj", "{77391624-DD55-43C7-BA0E-66A2BFD76F1B}"
EndProject
Global
	GlobalSection(SolutionConfigurationPlatforms) = preSolution
		Debug|Any CPU = Debug|Any CPU
		Release|Any CPU = Release|Any CPU
	EndGlobalSection
	GlobalSection(ProjectConfigurationPlatforms) = postSolution
		{77391624-DD55-43C7-BA0E-66A2BFD76F1B}.Debug|Any CPU.ActiveCfg = Debug|Any CPU
		{77391624-DD55-43C7-BA0E-66A2BFD76F1B}.Debug|Any CPU.Build.0 = Debug|Any CPU
		{77391624-DD55-43C7-BA0E-66A2BFD76F1B}.Release|Any CPU.ActiveCfg = Release|Any CPU
		{77391624-DD55-43C7-BA0E-66A2BFD76F1B}.Release|Any CPU.Build.0 = Release|Any CPU
	EndGlobalSection
	GlobalSection(SolutionProperties) = preSolution
		HideSolutionNode = FALSE
	EndGlobalSection
	GlobalSection(ExtensibilityGlobals) = postSolution
		SolutionGuid = {FC696854-F674-4E3F-899D-70DFF008792C}
	EndGlobalSection
EndGlobal
